
Microsoft Visual Studio Solution File, Format Version 12.00
# Visual Studio Version 17
VisualStudioVersion = 17.14.36310.24
MinimumVisualStudioVersion = 10.0.40219.1
Project("{FAE04EC0-301F-11D3-BF4B-00C04F79EFBC}") = "dotSHA3", "dotSHA3\dotSHA3.csproj", "{08ABB0F6-C5BA-4A17-840C-88CB33B1C6E1}"
EndProject
Project("{2150E333-8FDC-42A3-9474-1A3956D46DE8}") = "Solution Items", "Solution Items", "{8EC462FD-D22E-90A8-E5CE-7E832BA40C5D}"
	ProjectSection(SolutionItems) = preProject
		LICENSE.txt = LICENSE.txt
		ACKNOWLEDGEMENTS.txt = ACKNOWLEDGEMENTS.txt
		README.md = README.md
	EndProjectSection
EndProject
Project("{FAE04EC0-301F-11D3-BF4B-00C04F79EFBC}") = "NistTests", "NistTests\NistTests.csproj", "{624799C2-310F-4F40-87F9-F31DDE333E3F}"
EndProject
Project("{FAE04EC0-301F-11D3-BF4B-00C04F79EFBC}") = "dotSHA3Bench", "dotSHA3Bench\dotSHA3Bench.csproj", "{3AF55D5B-244A-496F-9AC5-FCDBC9DDA81C}"
EndProject
Global
	GlobalSection(SolutionConfigurationPlatforms) = preSolution
		Debug|Any CPU = Debug|Any CPU
		Release|Any CPU = Release|Any CPU
	EndGlobalSection
	GlobalSection(ProjectConfigurationPlatforms) = postSolution
		{08ABB0F6-C5BA-4A17-840C-88CB33B1C6E1}.Debug|Any CPU.ActiveCfg = Debug|Any CPU
		{08ABB0F6-C5BA-4A17-840C-88CB33B1C6E1}.Debug|Any CPU.Build.0 = Debug|Any CPU
		{08ABB0F6-C5BA-4A17-840C-88CB33B1C6E1}.Release|Any CPU.ActiveCfg = Release|Any CPU
		{08ABB0F6-C5BA-4A17-840C-88CB33B1C6E1}.Release|Any CPU.Build.0 = Release|Any CPU
		{624799C2-310F-4F40-87F9-F31DDE333E3F}.Debug|Any CPU.ActiveCfg = Debug|Any CPU
		{624799C2-310F-4F40-87F9-F31DDE333E3F}.Debug|Any CPU.Build.0 = Debug|Any CPU
		{624799C2-310F-4F40-87F9-F31DDE333E3F}.Release|Any CPU.ActiveCfg = Release|Any CPU
		{624799C2-310F-4F40-87F9-F31DDE333E3F}.Release|Any CPU.Build.0 = Release|Any CPU
		{3AF55D5B-244A-496F-9AC5-FCDBC9DDA81C}.Debug|Any CPU.ActiveCfg = Debug|Any CPU
		{3AF55D5B-244A-496F-9AC5-FCDBC9DDA81C}.Debug|Any CPU.Build.0 = Debug|Any CPU
		{3AF55D5B-244A-496F-9AC5-FCDBC9DDA81C}.Release|Any CPU.ActiveCfg = Release|Any CPU
		{3AF55D5B-244A-496F-9AC5-FCDBC9DDA81C}.Release|Any CPU.Build.0 = Release|Any CPU
	EndGlobalSection
	GlobalSection(SolutionProperties) = preSolution
		HideSolutionNode = FALSE
	EndGlobalSection
	GlobalSection(ExtensibilityGlobals) = postSolution
		SolutionGuid = {429774CD-C808-4673-83B5-87CA84FEDD0E}
	EndGlobalSection
EndGlobal
